
Microsoft Visual Studio Solution File, Format Version 12.00
# Visual Studio Version 17
VisualStudioVersion = 17.7.34221.43
MinimumVisualStudioVersion = 10.0.40219.1
Project("{FAE04EC0-301F-11D3-BF4B-00C04F79EFBC}") = "Text", "Text.csproj", "{264B978D-D6AF-4BE5-BD0E-7836B679B7B4}"
EndProject
Global
	GlobalSection(SolutionConfigurationPlatforms) = preSolution
		Debug|Any CPU = Debug|Any CPU
		Release|Any CPU = Release|Any CPU
	EndGlobalSection
	GlobalSection(ProjectConfigurationPlatforms) = postSolution
		{264B978D-D6AF-4BE5-BD0E-7836B679B7B4}.Debug|Any CPU.ActiveCfg = Debug|Any CPU
		{264B978D-D6AF-4BE5-BD0E-7836B679B7B4}.Debug|Any CPU.Build.0 = Debug|Any CPU
		{264B978D-D6AF-4BE5-BD0E-7836B679B7B4}.Release|Any CPU.ActiveCfg = Release|Any CPU
		{264B978D-D6AF-4BE5-BD0E-7836B679B7B4}.Release|Any CPU.Build.0 = Release|Any CPU
	EndGlobalSection
	GlobalSection(SolutionProperties) = preSolution
		HideSolutionNode = FALSE
	EndGlobalSection
	GlobalSection(ExtensibilityGlobals) = postSolution
		SolutionGuid = {4CD1559F-9649-4B3B-8F79-B7D7FDBCA330}
	EndGlobalSection
EndGlobal
