
Microsoft Visual Studio Solution File, Format Version 12.00
# Visual Studio Version 17
VisualStudioVersion = 17.8.34316.72
MinimumVisualStudioVersion = 10.0.40219.1
Project("{FAE04EC0-301F-11D3-BF4B-00C04F79EFBC}") = "RecPal", "RecPal.csproj", "{CAF54F0C-28AB-470E-ADFA-B1F3692BB21A}"
EndProject
Global
	GlobalSection(SolutionConfigurationPlatforms) = preSolution
		Debug|Any CPU = Debug|Any CPU
		Release|Any CPU = Release|Any CPU
	EndGlobalSection
	GlobalSection(ProjectConfigurationPlatforms) = postSolution
		{CAF54F0C-28AB-470E-ADFA-B1F3692BB21A}.Debug|Any CPU.ActiveCfg = Debug|Any CPU
		{CAF54F0C-28AB-470E-ADFA-B1F3692BB21A}.Debug|Any CPU.Build.0 = Debug|Any CPU
		{CAF54F0C-28AB-470E-ADFA-B1F3692BB21A}.Release|Any CPU.ActiveCfg = Release|Any CPU
		{CAF54F0C-28AB-470E-ADFA-B1F3692BB21A}.Release|Any CPU.Build.0 = Release|Any CPU
	EndGlobalSection
	GlobalSection(SolutionProperties) = preSolution
		HideSolutionNode = FALSE
	EndGlobalSection
	GlobalSection(ExtensibilityGlobals) = postSolution
		SolutionGuid = {D086B744-C8CC-4723-8B80-9BBB48702600}
	EndGlobalSection
EndGlobal
